// !$*UTF8*$!
{
	archiveVersion = 1;
	classes = {
	};
	objectVersion = 50;
	objects = {

/* Begin PBXBuildFile section */
		0BE805B125D1EA3500385E71 /* ImageCache.swift in Sources */ = {isa = PBXBuildFile; fileRef = 0BE805B025D1EA3500385E71 /* ImageCache.swift */; };
		4972664E23DEA8C3008CC477 /* Movie.swift in Sources */ = {isa = PBXBuildFile; fileRef = 4972664D23DEA8C3008CC477 /* Movie.swift */; };
		4972665023DEAE39008CC477 /* MovieCell.swift in Sources */ = {isa = PBXBuildFile; fileRef = 4972664F23DEAE39008CC477 /* MovieCell.swift */; };
		4972665223DEAFAF008CC477 /* SearchLogicController.swift in Sources */ = {isa = PBXBuildFile; fileRef = 4972665123DEAFAF008CC477 /* SearchLogicController.swift */; };
		4972665623DEBEEC008CC477 /* example_response.json in Resources */ = {isa = PBXBuildFile; fileRef = 4972665523DEBEEC008CC477 /* example_response.json */; };
		49D6538B23DE924E005BD6D0 /* AppDelegate.swift in Sources */ = {isa = PBXBuildFile; fileRef = 49D6538A23DE924E005BD6D0 /* AppDelegate.swift */; };
		49D6538F23DE924E005BD6D0 /* SearchViewController.swift in Sources */ = {isa = PBXBuildFile; fileRef = 49D6538E23DE924E005BD6D0 /* SearchViewController.swift */; };
		49D6539723DE924F005BD6D0 /* LaunchScreen.storyboard in Resources */ = {isa = PBXBuildFile; fileRef = 49D6539523DE924F005BD6D0 /* LaunchScreen.storyboard */; };
		49D653A223DE924F005BD6D0 /* MovieSearcherTests.swift in Sources */ = {isa = PBXBuildFile; fileRef = 49D653A123DE924F005BD6D0 /* MovieSearcherTests.swift */; };
/* End PBXBuildFile section */

/* Begin PBXContainerItemProxy section */
		49D6539E23DE924F005BD6D0 /* PBXContainerItemProxy */ = {
			isa = PBXContainerItemProxy;
			containerPortal = 49D6537F23DE924E005BD6D0 /* Project object */;
			proxyType = 1;
			remoteGlobalIDString = 49D6538623DE924E005BD6D0;
			remoteInfo = MovieSearcher;
		};
/* End PBXContainerItemProxy section */

/* Begin PBXFileReference section */
		0BE805B025D1EA3500385E71 /* ImageCache.swift */ = {isa = PBXFileReference; lastKnownFileType = sourcecode.swift; path = ImageCache.swift; sourceTree = "<group>"; };
		4972664D23DEA8C3008CC477 /* Movie.swift */ = {isa = PBXFileReference; lastKnownFileType = sourcecode.swift; path = Movie.swift; sourceTree = "<group>"; };
		4972664F23DEAE39008CC477 /* MovieCell.swift */ = {isa = PBXFileReference; lastKnownFileType = sourcecode.swift; path = MovieCell.swift; sourceTree = "<group>"; };
		4972665123DEAFAF008CC477 /* SearchLogicController.swift */ = {isa = PBXFileReference; lastKnownFileType = sourcecode.swift; path = SearchLogicController.swift; sourceTree = "<group>"; };
		4972665523DEBEEC008CC477 /* example_response.json */ = {isa = PBXFileReference; fileEncoding = 4; lastKnownFileType = text.json; path = example_response.json; sourceTree = "<group>"; };
		49D6538723DE924E005BD6D0 /* MovieSearcher.app */ = {isa = PBXFileReference; explicitFileType = wrapper.application; includeInIndex = 0; path = MovieSearcher.app; sourceTree = BUILT_PRODUCTS_DIR; };
		49D6538A23DE924E005BD6D0 /* AppDelegate.swift */ = {isa = PBXFileReference; lastKnownFileType = sourcecode.swift; path = AppDelegate.swift; sourceTree = "<group>"; };
		49D6538E23DE924E005BD6D0 /* SearchViewController.swift */ = {isa = PBXFileReference; lastKnownFileType = sourcecode.swift; path = SearchViewController.swift; sourceTree = "<group>"; };
		49D6539623DE924F005BD6D0 /* Base */ = {isa = PBXFileReference; lastKnownFileType = file.storyboard; name = Base; path = Base.lproj/LaunchScreen.storyboard; sourceTree = "<group>"; };
		49D6539823DE924F005BD6D0 /* Info.plist */ = {isa = PBXFileReference; lastKnownFileType = text.plist.xml; path = Info.plist; sourceTree = "<group>"; };
		49D6539D23DE924F005BD6D0 /* MovieSearcherTests.xctest */ = {isa = PBXFileReference; explicitFileType = wrapper.cfbundle; includeInIndex = 0; path = MovieSearcherTests.xctest; sourceTree = BUILT_PRODUCTS_DIR; };
		49D653A123DE924F005BD6D0 /* MovieSearcherTests.swift */ = {isa = PBXFileReference; lastKnownFileType = sourcecode.swift; path = MovieSearcherTests.swift; sourceTree = "<group>"; };
		49D653A323DE924F005BD6D0 /* Info.plist */ = {isa = PBXFileReference; lastKnownFileType = text.plist.xml; path = Info.plist; sourceTree = "<group>"; };
/* End PBXFileReference section */

/* Begin PBXFrameworksBuildPhase section */
		49D6538423DE924E005BD6D0 /* Frameworks */ = {
			isa = PBXFrameworksBuildPhase;
			buildActionMask = 2147483647;
			files = (
			);
			runOnlyForDeploymentPostprocessing = 0;
		};
		49D6539A23DE924F005BD6D0 /* Frameworks */ = {
			isa = PBXFrameworksBuildPhase;
			buildActionMask = 2147483647;
			files = (
			);
			runOnlyForDeploymentPostprocessing = 0;
		};
/* End PBXFrameworksBuildPhase section */

/* Begin PBXGroup section */
		49D6537E23DE924E005BD6D0 = {
			isa = PBXGroup;
			children = (
				49D6538923DE924E005BD6D0 /* MovieSearcher */,
				49D653A023DE924F005BD6D0 /* MovieSearcherTests */,
				49D6538823DE924E005BD6D0 /* Products */,
			);
			sourceTree = "<group>";
		};
		49D6538823DE924E005BD6D0 /* Products */ = {
			isa = PBXGroup;
			children = (
				49D6538723DE924E005BD6D0 /* MovieSearcher.app */,
				49D6539D23DE924F005BD6D0 /* MovieSearcherTests.xctest */,
			);
			name = Products;
			sourceTree = "<group>";
		};
		49D6538923DE924E005BD6D0 /* MovieSearcher */ = {
			isa = PBXGroup;
			children = (
				49D6538A23DE924E005BD6D0 /* AppDelegate.swift */,
				49D6538E23DE924E005BD6D0 /* SearchViewController.swift */,
				4972665123DEAFAF008CC477 /* SearchLogicController.swift */,
				4972664D23DEA8C3008CC477 /* Movie.swift */,
				4972664F23DEAE39008CC477 /* MovieCell.swift */,
				0BE805B025D1EA3500385E71 /* ImageCache.swift */,
				49D653AC23DE9350005BD6D0 /* Launch */,
			);
			path = MovieSearcher;
			sourceTree = "<group>";
		};
		49D653A023DE924F005BD6D0 /* MovieSearcherTests */ = {
			isa = PBXGroup;
			children = (
				4972665523DEBEEC008CC477 /* example_response.json */,
				49D653A123DE924F005BD6D0 /* MovieSearcherTests.swift */,
				49D653A323DE924F005BD6D0 /* Info.plist */,
			);
			path = MovieSearcherTests;
			sourceTree = "<group>";
		};
		49D653AC23DE9350005BD6D0 /* Launch */ = {
			isa = PBXGroup;
			children = (
				49D6539823DE924F005BD6D0 /* Info.plist */,
				49D6539523DE924F005BD6D0 /* LaunchScreen.storyboard */,
			);
			path = Launch;
			sourceTree = "<group>";
		};
/* End PBXGroup section */

/* Begin PBXNativeTarget section */
		49D6538623DE924E005BD6D0 /* MovieSearcher */ = {
			isa = PBXNativeTarget;
			buildConfigurationList = 49D653A623DE924F005BD6D0 /* Build configuration list for PBXNativeTarget "MovieSearcher" */;
			buildPhases = (
				49D6538323DE924E005BD6D0 /* Sources */,
				49D6538423DE924E005BD6D0 /* Frameworks */,
				49D6538523DE924E005BD6D0 /* Resources */,
			);
			buildRules = (
			);
			dependencies = (
			);
			name = MovieSearcher;
			productName = MovieSearcher;
			productReference = 49D6538723DE924E005BD6D0 /* MovieSearcher.app */;
			productType = "com.apple.product-type.application";
		};
		49D6539C23DE924F005BD6D0 /* MovieSearcherTests */ = {
			isa = PBXNativeTarget;
			buildConfigurationList = 49D653A923DE924F005BD6D0 /* Build configuration list for PBXNativeTarget "MovieSearcherTests" */;
			buildPhases = (
				49D6539923DE924F005BD6D0 /* Sources */,
				49D6539A23DE924F005BD6D0 /* Frameworks */,
				49D6539B23DE924F005BD6D0 /* Resources */,
			);
			buildRules = (
			);
			dependencies = (
				49D6539F23DE924F005BD6D0 /* PBXTargetDependency */,
			);
			name = MovieSearcherTests;
			productName = MovieSearcherTests;
			productReference = 49D6539D23DE924F005BD6D0 /* MovieSearcherTests.xctest */;
			productType = "com.apple.product-type.bundle.unit-test";
		};
/* End PBXNativeTarget section */

/* Begin PBXProject section */
		49D6537F23DE924E005BD6D0 /* Project object */ = {
			isa = PBXProject;
			attributes = {
				LastSwiftUpdateCheck = 1130;
				LastUpgradeCheck = 1130;
				ORGANIZATIONNAME = notungood;
				TargetAttributes = {
					49D6538623DE924E005BD6D0 = {
						CreatedOnToolsVersion = 11.3.1;
					};
					49D6539C23DE924F005BD6D0 = {
						CreatedOnToolsVersion = 11.3.1;
						TestTargetID = 49D6538623DE924E005BD6D0;
					};
				};
			};
			buildConfigurationList = 49D6538223DE924E005BD6D0 /* Build configuration list for PBXProject "MovieSearcher" */;
			compatibilityVersion = "Xcode 9.3";
			developmentRegion = en;
			hasScannedForEncodings = 0;
			knownRegions = (
				en,
				Base,
			);
			mainGroup = 49D6537E23DE924E005BD6D0;
			productRefGroup = 49D6538823DE924E005BD6D0 /* Products */;
			projectDirPath = "";
			projectRoot = "";
			targets = (
				49D6538623DE924E005BD6D0 /* MovieSearcher */,
				49D6539C23DE924F005BD6D0 /* MovieSearcherTests */,
			);
		};
/* End PBXProject section */

/* Begin PBXResourcesBuildPhase section */
		49D6538523DE924E005BD6D0 /* Resources */ = {
			isa = PBXResourcesBuildPhase;
			buildActionMask = 2147483647;
			files = (
				49D6539723DE924F005BD6D0 /* LaunchScreen.storyboard in Resources */,
			);
			runOnlyForDeploymentPostprocessing = 0;
		};
		49D6539B23DE924F005BD6D0 /* Resources */ = {
			isa = PBXResourcesBuildPhase;
			buildActionMask = 2147483647;
			files = (
				4972665623DEBEEC008CC477 /* example_response.json in Resources */,
			);
			runOnlyForDeploymentPostprocessing = 0;
		};
/* End PBXResourcesBuildPhase section */

/* Begin PBXSourcesBuildPhase section */
		49D6538323DE924E005BD6D0 /* Sources */ = {
			isa = PBXSourcesBuildPhase;
			buildActionMask = 2147483647;
			files = (
				49D6538F23DE924E005BD6D0 /* SearchViewController.swift in Sources */,
				49D6538B23DE924E005BD6D0 /* AppDelegate.swift in Sources */,
				4972665223DEAFAF008CC477 /* SearchLogicController.swift in Sources */,
				4972665023DEAE39008CC477 /* MovieCell.swift in Sources */,
				0BE805B125D1EA3500385E71 /* ImageCache.swift in Sources */,
				4972664E23DEA8C3008CC477 /* Movie.swift in Sources */,
			);
			runOnlyForDeploymentPostprocessing = 0;
		};
		49D6539923DE924F005BD6D0 /* Sources */ = {
			isa = PBXSourcesBuildPhase;
			buildActionMask = 2147483647;
			files = (
				49D653A223DE924F005BD6D0 /* MovieSearcherTests.swift in Sources */,
			);
			runOnlyForDeploymentPostprocessing = 0;
		};
/* End PBXSourcesBuildPhase section */

/* Begin PBXTargetDependency section */
		49D6539F23DE924F005BD6D0 /* PBXTargetDependency */ = {
			isa = PBXTargetDependency;
			target = 49D6538623DE924E005BD6D0 /* MovieSearcher */;
			targetProxy = 49D6539E23DE924F005BD6D0 /* PBXContainerItemProxy */;
		};
/* End PBXTargetDependency section */

/* Begin PBXVariantGroup section */
		49D6539523DE924F005BD6D0 /* LaunchScreen.storyboard */ = {
			isa = PBXVariantGroup;
			children = (
				49D6539623DE924F005BD6D0 /* Base */,
			);
			name = LaunchScreen.storyboard;
			sourceTree = "<group>";
		};
/* End PBXVariantGroup section */

/* Begin XCBuildConfiguration section */
		49D653A423DE924F005BD6D0 /* Debug */ = {
			isa = XCBuildConfiguration;
			buildSettings = {
				ALWAYS_SEARCH_USER_PATHS = NO;
				CLANG_ANALYZER_NONNULL = YES;
				CLANG_ANALYZER_NUMBER_OBJECT_CONVERSION = YES_AGGRESSIVE;
				CLANG_CXX_LANGUAGE_STANDARD = "gnu++14";
				CLANG_CXX_LIBRARY = "libc++";
				CLANG_ENABLE_MODULES = YES;
				CLANG_ENABLE_OBJC_ARC = YES;
				CLANG_ENABLE_OBJC_WEAK = YES;
				CLANG_WARN_BLOCK_CAPTURE_AUTORELEASING = YES;
				CLANG_WARN_BOOL_CONVERSION = YES;
				CLANG_WARN_COMMA = YES;
				CLANG_WARN_CONSTANT_CONVERSION = YES;
				CLANG_WARN_DEPRECATED_OBJC_IMPLEMENTATIONS = YES;
				CLANG_WARN_DIRECT_OBJC_ISA_USAGE = YES_ERROR;
				CLANG_WARN_DOCUMENTATION_COMMENTS = YES;
				CLANG_WARN_EMPTY_BODY = YES;
				CLANG_WARN_ENUM_CONVERSION = YES;
				CLANG_WARN_INFINITE_RECURSION = YES;
				CLANG_WARN_INT_CONVERSION = YES;
				CLANG_WARN_NON_LITERAL_NULL_CONVERSION = YES;
				CLANG_WARN_OBJC_IMPLICIT_RETAIN_SELF = YES;
				CLANG_WARN_OBJC_LITERAL_CONVERSION = YES;
				CLANG_WARN_OBJC_ROOT_CLASS = YES_ERROR;
				CLANG_WARN_RANGE_LOOP_ANALYSIS = YES;
				CLANG_WARN_STRICT_PROTOTYPES = YES;
				CLANG_WARN_SUSPICIOUS_MOVE = YES;
				CLANG_WARN_UNGUARDED_AVAILABILITY = YES_AGGRESSIVE;
				CLANG_WARN_UNREACHABLE_CODE = YES;
				CLANG_WARN__DUPLICATE_METHOD_MATCH = YES;
				COPY_PHASE_STRIP = NO;
				DEBUG_INFORMATION_FORMAT = dwarf;
				ENABLE_STRICT_OBJC_MSGSEND = YES;
				ENABLE_TESTABILITY = YES;
				GCC_C_LANGUAGE_STANDARD = gnu11;
				GCC_DYNAMIC_NO_PIC = NO;
				GCC_NO_COMMON_BLOCKS = YES;
				GCC_OPTIMIZATION_LEVEL = 0;
				GCC_PREPROCESSOR_DEFINITIONS = (
					"DEBUG=1",
					"$(inherited)",
				);
				GCC_WARN_64_TO_32_BIT_CONVERSION = YES;
				GCC_WARN_ABOUT_RETURN_TYPE = YES_ERROR;
				GCC_WARN_UNDECLARED_SELECTOR = YES;
				GCC_WARN_UNINITIALIZED_AUTOS = YES_AGGRESSIVE;
				GCC_WARN_UNUSED_FUNCTION = YES;
				GCC_WARN_UNUSED_VARIABLE = YES;
				IPHONEOS_DEPLOYMENT_TARGET = 13.2;
				MTL_ENABLE_DEBUG_INFO = INCLUDE_SOURCE;
				MTL_FAST_MATH = YES;
				ONLY_ACTIVE_ARCH = YES;
				SDKROOT = iphoneos;
				SWIFT_ACTIVE_COMPILATION_CONDITIONS = DEBUG;
				SWIFT_OPTIMIZATION_LEVEL = "-Onone";
			};
			name = Debug;
		};
		49D653A523DE924F005BD6D0 /* Release */ = {
			isa = XCBuildConfiguration;
			buildSettings = {
				ALWAYS_SEARCH_USER_PATHS = NO;
				CLANG_ANALYZER_NONNULL = YES;
				CLANG_ANALYZER_NUMBER_OBJECT_CONVERSION = YES_AGGRESSIVE;
				CLANG_CXX_LANGUAGE_STANDARD = "gnu++14";
				CLANG_CXX_LIBRARY = "libc++";
				CLANG_ENABLE_MODULES = YES;
				CLANG_ENABLE_OBJC_ARC = YES;
				CLANG_ENABLE_OBJC_WEAK = YES;
				CLANG_WARN_BLOCK_CAPTURE_AUTORELEASING = YES;
				CLANG_WARN_BOOL_CONVERSION = YES;
				CLANG_WARN_COMMA = YES;
				CLANG_WARN_CONSTANT_CONVERSION = YES;
				CLANG_WARN_DEPRECATED_OBJC_IMPLEMENTATIONS = YES;
				CLANG_WARN_DIRECT_OBJC_ISA_USAGE = YES_ERROR;
				CLANG_WARN_DOCUMENTATION_COMMENTS = YES;
				CLANG_WARN_EMPTY_BODY = YES;
				CLANG_WARN_ENUM_CONVERSION = YES;
				CLANG_WARN_INFINITE_RECURSION = YES;
				CLANG_WARN_INT_CONVERSION = YES;
				CLANG_WARN_NON_LITERAL_NULL_CONVERSION = YES;
				CLANG_WARN_OBJC_IMPLICIT_RETAIN_SELF = YES;
				CLANG_WARN_OBJC_LITERAL_CONVERSION = YES;
				CLANG_WARN_OBJC_ROOT_CLASS = YES_ERROR;
				CLANG_WARN_RANGE_LOOP_ANALYSIS = YES;
				CLANG_WARN_STRICT_PROTOTYPES = YES;
				CLANG_WARN_SUSPICIOUS_MOVE = YES;
				CLANG_WARN_UNGUARDED_AVAILABILITY = YES_AGGRESSIVE;
				CLANG_WARN_UNREACHABLE_CODE = YES;
				CLANG_WARN__DUPLICATE_METHOD_MATCH = YES;
				COPY_PHASE_STRIP = NO;
				DEBUG_INFORMATION_FORMAT = "dwarf-with-dsym";
				ENABLE_NS_ASSERTIONS = NO;
				ENABLE_STRICT_OBJC_MSGSEND = YES;
				GCC_C_LANGUAGE_STANDARD = gnu11;
				GCC_NO_COMMON_BLOCKS = YES;
				GCC_WARN_64_TO_32_BIT_CONVERSION = YES;
				GCC_WARN_ABOUT_RETURN_TYPE = YES_ERROR;
				GCC_WARN_UNDECLARED_SELECTOR = YES;
				GCC_WARN_UNINITIALIZED_AUTOS = YES_AGGRESSIVE;
				GCC_WARN_UNUSED_FUNCTION = YES;
				GCC_WARN_UNUSED_VARIABLE = YES;
				IPHONEOS_DEPLOYMENT_TARGET = 13.2;
				MTL_ENABLE_DEBUG_INFO = NO;
				MTL_FAST_MATH = YES;
				SDKROOT = iphoneos;
				SWIFT_COMPILATION_MODE = wholemodule;
				SWIFT_OPTIMIZATION_LEVEL = "-O";
				VALIDATE_PRODUCT = YES;
			};
			name = Release;
		};
		49D653A723DE924F005BD6D0 /* Debug */ = {
			isa = XCBuildConfiguration;
			buildSettings = {
				ASSETCATALOG_COMPILER_APPICON_NAME = AppIcon;
				CODE_SIGN_STYLE = Automatic;
				DEVELOPMENT_TEAM = KNYX5GL2V8;
				INFOPLIST_FILE = MovieSearcher/Launch/Info.plist;
				LD_RUNPATH_SEARCH_PATHS = (
					"$(inherited)",
					"@executable_path/Frameworks",
				);
				PRODUCT_BUNDLE_IDENTIFIER = com.notungood.MovieSearcher;
				PRODUCT_NAME = "$(TARGET_NAME)";
				SWIFT_VERSION = 5.0;
				TARGETED_DEVICE_FAMILY = "1,2";
			};
			name = Debug;
		};
		49D653A823DE924F005BD6D0 /* Release */ = {
			isa = XCBuildConfiguration;
			buildSettings = {
				ASSETCATALOG_COMPILER_APPICON_NAME = AppIcon;
				CODE_SIGN_STYLE = Automatic;
				DEVELOPMENT_TEAM = KNYX5GL2V8;
				INFOPLIST_FILE = MovieSearcher/Launch/Info.plist;
				LD_RUNPATH_SEARCH_PATHS = (
					"$(inherited)",
					"@executable_path/Frameworks",
				);
				PRODUCT_BUNDLE_IDENTIFIER = com.notungood.MovieSearcher;
				PRODUCT_NAME = "$(TARGET_NAME)";
				SWIFT_VERSION = 5.0;
				TARGETED_DEVICE_FAMILY = "1,2";
			};
			name = Release;
		};
		49D653AA23DE924F005BD6D0 /* Debug */ = {
			isa = XCBuildConfiguration;
			buildSettings = {
				ALWAYS_EMBED_SWIFT_STANDARD_LIBRARIES = YES;
				BUNDLE_LOADER = "$(TEST_HOST)";
				CODE_SIGN_STYLE = Automatic;
				DEVELOPMENT_TEAM = KNYX5GL2V8;
				INFOPLIST_FILE = MovieSearcherTests/Info.plist;
				IPHONEOS_DEPLOYMENT_TARGET = 13.2;
				LD_RUNPATH_SEARCH_PATHS = (
					"$(inherited)",
					"@executable_path/Frameworks",
					"@loader_path/Frameworks",
				);
				PRODUCT_BUNDLE_IDENTIFIER = com.notungood.MovieSearcherTests;
				PRODUCT_NAME = "$(TARGET_NAME)";
				SWIFT_VERSION = 5.0;
				TARGETED_DEVICE_FAMILY = "1,2";
				TEST_HOST = "$(BUILT_PRODUCTS_DIR)/MovieSearcher.app/MovieSearcher";
			};
			name = Debug;
		};
		49D653AB23DE924F005BD6D0 /* Release */ = {
			isa = XCBuildConfiguration;
			buildSettings = {
				ALWAYS_EMBED_SWIFT_STANDARD_LIBRARIES = YES;
				BUNDLE_LOADER = "$(TEST_HOST)";
				CODE_SIGN_STYLE = Automatic;
				DEVELOPMENT_TEAM = KNYX5GL2V8;
				INFOPLIST_FILE = MovieSearcherTests/Info.plist;
				IPHONEOS_DEPLOYMENT_TARGET = 13.2;
				LD_RUNPATH_SEARCH_PATHS = (
					"$(inherited)",
					"@executable_path/Frameworks",
					"@loader_path/Frameworks",
				);
				PRODUCT_BUNDLE_IDENTIFIER = com.notungood.MovieSearcherTests;
				PRODUCT_NAME = "$(TARGET_NAME)";
				SWIFT_VERSION = 5.0;
				TARGETED_DEVICE_FAMILY = "1,2";
				TEST_HOST = "$(BUILT_PRODUCTS_DIR)/MovieSearcher.app/MovieSearcher";
			};
			name = Release;
		};
/* End XCBuildConfiguration section */

/* Begin XCConfigurationList section */
		49D6538223DE924E005BD6D0 /* Build configuration list for PBXProject "MovieSearcher" */ = {
			isa = XCConfigurationList;
			buildConfigurations = (
				49D653A423DE924F005BD6D0 /* Debug */,
				49D653A523DE924F005BD6D0 /* Release */,
			);
			defaultConfigurationIsVisible = 0;
			defaultConfigurationName = Release;
		};
		49D653A623DE924F005BD6D0 /* Build configuration list for PBXNativeTarget "MovieSearcher" */ = {
			isa = XCConfigurationList;
			buildConfigurations = (
				49D653A723DE924F005BD6D0 /* Debug */,
				49D653A823DE924F005BD6D0 /* Release */,
			);
			defaultConfigurationIsVisible = 0;
			defaultConfigurationName = Release;
		};
		49D653A923DE924F005BD6D0 /* Build configuration list for PBXNativeTarget "MovieSearcherTests" */ = {
			isa = XCConfigurationList;
			buildConfigurations = (
				49D653AA23DE924F005BD6D0 /* Debug */,
				49D653AB23DE924F005BD6D0 /* Release */,
			);
			defaultConfigurationIsVisible = 0;
			defaultConfigurationName = Release;
		};
/* End XCConfigurationList section */
	};
	rootObject = 49D6537F23DE924E005BD6D0 /* Project object */;
}
